// !$*UTF8*$!
{
	archiveVersion = 1;
	classes = {
	};
	objectVersion = 56;
	objects = {

/* Begin PBXBuildFile section */
		962F6E8B2A19ED8A00D9AA75 /* ImageRecognition01App.swift in Sources */ = {isa = PBXBuildFile; fileRef = 962F6E8A2A19ED8A00D9AA75 /* ImageRecognition01App.swift */; };
		962F6E8D2A19ED8A00D9AA75 /* ContentView.swift in Sources */ = {isa = PBXBuildFile; fileRef = 962F6E8C2A19ED8A00D9AA75 /* ContentView.swift */; };
		962F6E8F2A19ED8B00D9AA75 /* Assets.xcassets in Resources */ = {isa = PBXBuildFile; fileRef = 962F6E8E2A19ED8B00D9AA75 /* Assets.xcassets */; };
		962F6E922A19ED8B00D9AA75 /* Preview Assets.xcassets in Resources */ = {isa = PBXBuildFile; fileRef = 962F6E912A19ED8B00D9AA75 /* Preview Assets.xcassets */; };
		962F6E9C2A19ED8B00D9AA75 /* ImageRecognition01Tests.swift in Sources */ = {isa = PBXBuildFile; fileRef = 962F6E9B2A19ED8B00D9AA75 /* ImageRecognition01Tests.swift */; };
		962F6EA62A19ED8B00D9AA75 /* ImageRecognition01UITests.swift in Sources */ = {isa = PBXBuildFile; fileRef = 962F6EA52A19ED8B00D9AA75 /* ImageRecognition01UITests.swift */; };
		962F6EA82A19ED8B00D9AA75 /* ImageRecognition01UITestsLaunchTests.swift in Sources */ = {isa = PBXBuildFile; fileRef = 962F6EA72A19ED8B00D9AA75 /* ImageRecognition01UITestsLaunchTests.swift */; };
		962F6EB52A19EDFD00D9AA75 /* Resnet50Int8LUT.mlmodel in Sources */ = {isa = PBXBuildFile; fileRef = 962F6EB42A19EDFD00D9AA75 /* Resnet50Int8LUT.mlmodel */; };
/* End PBXBuildFile section */

/* Begin PBXContainerItemProxy section */
		962F6E982A19ED8B00D9AA75 /* PBXContainerItemProxy */ = {
			isa = PBXContainerItemProxy;
			containerPortal = 962F6E7F2A19ED8A00D9AA75 /* Project object */;
			proxyType = 1;
			remoteGlobalIDString = 962F6E862A19ED8A00D9AA75;
			remoteInfo = ImageRecognition01;
		};
		962F6EA22A19ED8B00D9AA75 /* PBXContainerItemProxy */ = {
			isa = PBXContainerItemProxy;
			containerPortal = 962F6E7F2A19ED8A00D9AA75 /* Project object */;
			proxyType = 1;
			remoteGlobalIDString = 962F6E862A19ED8A00D9AA75;
			remoteInfo = ImageRecognition01;
		};
/* End PBXContainerItemProxy section */

/* Begin PBXFileReference section */
		962F6E872A19ED8A00D9AA75 /* ImageRecognition01.app */ = {isa = PBXFileReference; explicitFileType = wrapper.application; includeInIndex = 0; path = ImageRecognition01.app; sourceTree = BUILT_PRODUCTS_DIR; };
		962F6E8A2A19ED8A00D9AA75 /* ImageRecognition01App.swift */ = {isa = PBXFileReference; lastKnownFileType = sourcecode.swift; path = ImageRecognition01App.swift; sourceTree = "<group>"; };
		962F6E8C2A19ED8A00D9AA75 /* ContentView.swift */ = {isa = PBXFileReference; lastKnownFileType = sourcecode.swift; path = ContentView.swift; sourceTree = "<group>"; };
		962F6E8E2A19ED8B00D9AA75 /* Assets.xcassets */ = {isa = PBXFileReference; lastKnownFileType = folder.assetcatalog; path = Assets.xcassets; sourceTree = "<group>"; };
		962F6E912A19ED8B00D9AA75 /* Preview Assets.xcassets */ = {isa = PBXFileReference; lastKnownFileType = folder.assetcatalog; path = "Preview Assets.xcassets"; sourceTree = "<group>"; };
		962F6E972A19ED8B00D9AA75 /* ImageRecognition01Tests.xctest */ = {isa = PBXFileReference; explicitFileType = wrapper.cfbundle; includeInIndex = 0; path = ImageRecognition01Tests.xctest; sourceTree = BUILT_PRODUCTS_DIR; };
		962F6E9B2A19ED8B00D9AA75 /* ImageRecognition01Tests.swift */ = {isa = PBXFileReference; lastKnownFileType = sourcecode.swift; path = ImageRecognition01Tests.swift; sourceTree = "<group>"; };
		962F6EA12A19ED8B00D9AA75 /* ImageRecognition01UITests.xctest */ = {isa = PBXFileReference; explicitFileType = wrapper.cfbundle; includeInIndex = 0; path = ImageRecognition01UITests.xctest; sourceTree = BUILT_PRODUCTS_DIR; };
		962F6EA52A19ED8B00D9AA75 /* ImageRecognition01UITests.swift */ = {isa = PBXFileReference; lastKnownFileType = sourcecode.swift; path = ImageRecognition01UITests.swift; sourceTree = "<group>"; };
		962F6EA72A19ED8B00D9AA75 /* ImageRecognition01UITestsLaunchTests.swift */ = {isa = PBXFileReference; lastKnownFileType = sourcecode.swift; path = ImageRecognition01UITestsLaunchTests.swift; sourceTree = "<group>"; };
		962F6EB42A19EDFD00D9AA75 /* Resnet50Int8LUT.mlmodel */ = {isa = PBXFileReference; lastKnownFileType = file.mlmodel; path = Resnet50Int8LUT.mlmodel; sourceTree = "<group>"; };
/* End PBXFileReference section */

/* Begin PBXFrameworksBuildPhase section */
		962F6E842A19ED8A00D9AA75 /* Frameworks */ = {
			isa = PBXFrameworksBuildPhase;
			buildActionMask = 2147483647;
			files = (
			);
			runOnlyForDeploymentPostprocessing = 0;
		};
		962F6E942A19ED8B00D9AA75 /* Frameworks */ = {
			isa = PBXFrameworksBuildPhase;
			buildActionMask = 2147483647;
			files = (
			);
			runOnlyForDeploymentPostprocessing = 0;
		};
		962F6E9E2A19ED8B00D9AA75 /* Frameworks */ = {
			isa = PBXFrameworksBuildPhase;
			buildActionMask = 2147483647;
			files = (
			);
			runOnlyForDeploymentPostprocessing = 0;
		};
/* End PBXFrameworksBuildPhase section */

/* Begin PBXGroup section */
		962F6E7E2A19ED8A00D9AA75 = {
			isa = PBXGroup;
			children = (
				962F6E892A19ED8A00D9AA75 /* ImageRecognition01 */,
				962F6E9A2A19ED8B00D9AA75 /* ImageRecognition01Tests */,
				962F6EA42A19ED8B00D9AA75 /* ImageRecognition01UITests */,
				962F6E882A19ED8A00D9AA75 /* Products */,
			);
			sourceTree = "<group>";
		};
		962F6E882A19ED8A00D9AA75 /* Products */ = {
			isa = PBXGroup;
			children = (
				962F6E872A19ED8A00D9AA75 /* ImageRecognition01.app */,
				962F6E972A19ED8B00D9AA75 /* ImageRecognition01Tests.xctest */,
				962F6EA12A19ED8B00D9AA75 /* ImageRecognition01UITests.xctest */,
			);
			name = Products;
			sourceTree = "<group>";
		};
		962F6E892A19ED8A00D9AA75 /* ImageRecognition01 */ = {
			isa = PBXGroup;
			children = (
				962F6EB42A19EDFD00D9AA75 /* Resnet50Int8LUT.mlmodel */,
				962F6E8A2A19ED8A00D9AA75 /* ImageRecognition01App.swift */,
				962F6E8C2A19ED8A00D9AA75 /* ContentView.swift */,
				962F6E8E2A19ED8B00D9AA75 /* Assets.xcassets */,
				962F6E902A19ED8B00D9AA75 /* Preview Content */,
			);
			path = ImageRecognition01;
			sourceTree = "<group>";
		};
		962F6E902A19ED8B00D9AA75 /* Preview Content */ = {
			isa = PBXGroup;
			children = (
				962F6E912A19ED8B00D9AA75 /* Preview Assets.xcassets */,
			);
			path = "Preview Content";
			sourceTree = "<group>";
		};
		962F6E9A2A19ED8B00D9AA75 /* ImageRecognition01Tests */ = {
			isa = PBXGroup;
			children = (
				962F6E9B2A19ED8B00D9AA75 /* ImageRecognition01Tests.swift */,
			);
			path = ImageRecognition01Tests;
			sourceTree = "<group>";
		};
		962F6EA42A19ED8B00D9AA75 /* ImageRecognition01UITests */ = {
			isa = PBXGroup;
			children = (
				962F6EA52A19ED8B00D9AA75 /* ImageRecognition01UITests.swift */,
				962F6EA72A19ED8B00D9AA75 /* ImageRecognition01UITestsLaunchTests.swift */,
			);
			path = ImageRecognition01UITests;
			sourceTree = "<group>";
		};
/* End PBXGroup section */

/* Begin PBXNativeTarget section */
		962F6E862A19ED8A00D9AA75 /* ImageRecognition01 */ = {
			isa = PBXNativeTarget;
			buildConfigurationList = 962F6EAB2A19ED8B00D9AA75 /* Build configuration list for PBXNativeTarget "ImageRecognition01" */;
			buildPhases = (
				962F6E832A19ED8A00D9AA75 /* Sources */,
				962F6E842A19ED8A00D9AA75 /* Frameworks */,
				962F6E852A19ED8A00D9AA75 /* Resources */,
			);
			buildRules = (
			);
			dependencies = (
			);
			name = ImageRecognition01;
			productName = ImageRecognition01;
			productReference = 962F6E872A19ED8A00D9AA75 /* ImageRecognition01.app */;
			productType = "com.apple.product-type.application";
		};
		962F6E962A19ED8B00D9AA75 /* ImageRecognition01Tests */ = {
			isa = PBXNativeTarget;
			buildConfigurationList = 962F6EAE2A19ED8B00D9AA75 /* Build configuration list for PBXNativeTarget "ImageRecognition01Tests" */;
			buildPhases = (
				962F6E932A19ED8B00D9AA75 /* Sources */,
				962F6E942A19ED8B00D9AA75 /* Frameworks */,
				962F6E952A19ED8B00D9AA75 /* Resources */,
			);
			buildRules = (
			);
			dependencies = (
				962F6E992A19ED8B00D9AA75 /* PBXTargetDependency */,
			);
			name = ImageRecognition01Tests;
			productName = ImageRecognition01Tests;
			productReference = 962F6E972A19ED8B00D9AA75 /* ImageRecognition01Tests.xctest */;
			productType = "com.apple.product-type.bundle.unit-test";
		};
		962F6EA02A19ED8B00D9AA75 /* ImageRecognition01UITests */ = {
			isa = PBXNativeTarget;
			buildConfigurationList = 962F6EB12A19ED8B00D9AA75 /* Build configuration list for PBXNativeTarget "ImageRecognition01UITests" */;
			buildPhases = (
				962F6E9D2A19ED8B00D9AA75 /* Sources */,
				962F6E9E2A19ED8B00D9AA75 /* Frameworks */,
				962F6E9F2A19ED8B00D9AA75 /* Resources */,
			);
			buildRules = (
			);
			dependencies = (
				962F6EA32A19ED8B00D9AA75 /* PBXTargetDependency */,
			);
			name = ImageRecognition01UITests;
			productName = ImageRecognition01UITests;
			productReference = 962F6EA12A19ED8B00D9AA75 /* ImageRecognition01UITests.xctest */;
			productType = "com.apple.product-type.bundle.ui-testing";
		};
/* End PBXNativeTarget section */

/* Begin PBXProject section */
		962F6E7F2A19ED8A00D9AA75 /* Project object */ = {
			isa = PBXProject;
			attributes = {
				BuildIndependentTargetsInParallel = 1;
				LastSwiftUpdateCheck = 1420;
				LastUpgradeCheck = 1420;
				TargetAttributes = {
					962F6E862A19ED8A00D9AA75 = {
						CreatedOnToolsVersion = 14.2;
					};
					962F6E962A19ED8B00D9AA75 = {
						CreatedOnToolsVersion = 14.2;
						TestTargetID = 962F6E862A19ED8A00D9AA75;
					};
					962F6EA02A19ED8B00D9AA75 = {
						CreatedOnToolsVersion = 14.2;
						TestTargetID = 962F6E862A19ED8A00D9AA75;
					};
				};
			};
			buildConfigurationList = 962F6E822A19ED8A00D9AA75 /* Build configuration list for PBXProject "ImageRecognition01" */;
			compatibilityVersion = "Xcode 14.0";
			developmentRegion = en;
			hasScannedForEncodings = 0;
			knownRegions = (
				en,
				Base,
			);
			mainGroup = 962F6E7E2A19ED8A00D9AA75;
			productRefGroup = 962F6E882A19ED8A00D9AA75 /* Products */;
			projectDirPath = "";
			projectRoot = "";
			targets = (
				962F6E862A19ED8A00D9AA75 /* ImageRecognition01 */,
				962F6E962A19ED8B00D9AA75 /* ImageRecognition01Tests */,
				962F6EA02A19ED8B00D9AA75 /* ImageRecognition01UITests */,
			);
		};
/* End PBXProject section */

/* Begin PBXResourcesBuildPhase section */
		962F6E852A19ED8A00D9AA75 /* Resources */ = {
			isa = PBXResourcesBuildPhase;
			buildActionMask = 2147483647;
			files = (
				962F6E922A19ED8B00D9AA75 /* Preview Assets.xcassets in Resources */,
				962F6E8F2A19ED8B00D9AA75 /* Assets.xcassets in Resources */,
			);
			runOnlyForDeploymentPostprocessing = 0;
		};
		962F6E952A19ED8B00D9AA75 /* Resources */ = {
			isa = PBXResourcesBuildPhase;
			buildActionMask = 2147483647;
			files = (
			);
			runOnlyForDeploymentPostprocessing = 0;
		};
		962F6E9F2A19ED8B00D9AA75 /* Resources */ = {
			isa = PBXResourcesBuildPhase;
			buildActionMask = 2147483647;
			files = (
			);
			runOnlyForDeploymentPostprocessing = 0;
		};
/* End PBXResourcesBuildPhase section */

/* Begin PBXSourcesBuildPhase section */
		962F6E832A19ED8A00D9AA75 /* Sources */ = {
			isa = PBXSourcesBuildPhase;
			buildActionMask = 2147483647;
			files = (
				962F6E8D2A19ED8A00D9AA75 /* ContentView.swift in Sources */,
				962F6E8B2A19ED8A00D9AA75 /* ImageRecognition01App.swift in Sources */,
				962F6EB52A19EDFD00D9AA75 /* Resnet50Int8LUT.mlmodel in Sources */,
			);
			runOnlyForDeploymentPostprocessing = 0;
		};
		962F6E932A19ED8B00D9AA75 /* Sources */ = {
			isa = PBXSourcesBuildPhase;
			buildActionMask = 2147483647;
			files = (
				962F6E9C2A19ED8B00D9AA75 /* ImageRecognition01Tests.swift in Sources */,
			);
			runOnlyForDeploymentPostprocessing = 0;
		};
		962F6E9D2A19ED8B00D9AA75 /* Sources */ = {
			isa = PBXSourcesBuildPhase;
			buildActionMask = 2147483647;
			files = (
				962F6EA62A19ED8B00D9AA75 /* ImageRecognition01UITests.swift in Sources */,
				962F6EA82A19ED8B00D9AA75 /* ImageRecognition01UITestsLaunchTests.swift in Sources */,
			);
			runOnlyForDeploymentPostprocessing = 0;
		};
/* End PBXSourcesBuildPhase section */

/* Begin PBXTargetDependency section */
		962F6E992A19ED8B00D9AA75 /* PBXTargetDependency */ = {
			isa = PBXTargetDependency;
			target = 962F6E862A19ED8A00D9AA75 /* ImageRecognition01 */;
			targetProxy = 962F6E982A19ED8B00D9AA75 /* PBXContainerItemProxy */;
		};
		962F6EA32A19ED8B00D9AA75 /* PBXTargetDependency */ = {
			isa = PBXTargetDependency;
			target = 962F6E862A19ED8A00D9AA75 /* ImageRecognition01 */;
			targetProxy = 962F6EA22A19ED8B00D9AA75 /* PBXContainerItemProxy */;
		};
/* End PBXTargetDependency section */

/* Begin XCBuildConfiguration section */
		962F6EA92A19ED8B00D9AA75 /* Debug */ = {
			isa = XCBuildConfiguration;
			buildSettings = {
				ALWAYS_SEARCH_USER_PATHS = NO;
				CLANG_ANALYZER_NONNULL = YES;
				CLANG_ANALYZER_NUMBER_OBJECT_CONVERSION = YES_AGGRESSIVE;
				CLANG_CXX_LANGUAGE_STANDARD = "gnu++20";
				CLANG_ENABLE_MODULES = YES;
				CLANG_ENABLE_OBJC_ARC = YES;
				CLANG_ENABLE_OBJC_WEAK = YES;
				CLANG_WARN_BLOCK_CAPTURE_AUTORELEASING = YES;
				CLANG_WARN_BOOL_CONVERSION = YES;
				CLANG_WARN_COMMA = YES;
				CLANG_WARN_CONSTANT_CONVERSION = YES;
				CLANG_WARN_DEPRECATED_OBJC_IMPLEMENTATIONS = YES;
				CLANG_WARN_DIRECT_OBJC_ISA_USAGE = YES_ERROR;
				CLANG_WARN_DOCUMENTATION_COMMENTS = YES;
				CLANG_WARN_EMPTY_BODY = YES;
				CLANG_WARN_ENUM_CONVERSION = YES;
				CLANG_WARN_INFINITE_RECURSION = YES;
				CLANG_WARN_INT_CONVERSION = YES;
				CLANG_WARN_NON_LITERAL_NULL_CONVERSION = YES;
				CLANG_WARN_OBJC_IMPLICIT_RETAIN_SELF = YES;
				CLANG_WARN_OBJC_LITERAL_CONVERSION = YES;
				CLANG_WARN_OBJC_ROOT_CLASS = YES_ERROR;
				CLANG_WARN_QUOTED_INCLUDE_IN_FRAMEWORK_HEADER = YES;
				CLANG_WARN_RANGE_LOOP_ANALYSIS = YES;
				CLANG_WARN_STRICT_PROTOTYPES = YES;
				CLANG_WARN_SUSPICIOUS_MOVE = YES;
				CLANG_WARN_UNGUARDED_AVAILABILITY = YES_AGGRESSIVE;
				CLANG_WARN_UNREACHABLE_CODE = YES;
				CLANG_WARN__DUPLICATE_METHOD_MATCH = YES;
				COPY_PHASE_STRIP = NO;
				DEBUG_INFORMATION_FORMAT = dwarf;
				ENABLE_STRICT_OBJC_MSGSEND = YES;
				ENABLE_TESTABILITY = YES;
				GCC_C_LANGUAGE_STANDARD = gnu11;
				GCC_DYNAMIC_NO_PIC = NO;
				GCC_NO_COMMON_BLOCKS = YES;
				GCC_OPTIMIZATION_LEVEL = 0;
				GCC_PREPROCESSOR_DEFINITIONS = (
					"DEBUG=1",
					"$(inherited)",
				);
				GCC_WARN_64_TO_32_BIT_CONVERSION = YES;
				GCC_WARN_ABOUT_RETURN_TYPE = YES_ERROR;
				GCC_WARN_UNDECLARED_SELECTOR = YES;
				GCC_WARN_UNINITIALIZED_AUTOS = YES_AGGRESSIVE;
				GCC_WARN_UNUSED_FUNCTION = YES;
				GCC_WARN_UNUSED_VARIABLE = YES;
				IPHONEOS_DEPLOYMENT_TARGET = 16.2;
				MTL_ENABLE_DEBUG_INFO = INCLUDE_SOURCE;
				MTL_FAST_MATH = YES;
				ONLY_ACTIVE_ARCH = YES;
				SDKROOT = iphoneos;
				SWIFT_ACTIVE_COMPILATION_CONDITIONS = DEBUG;
				SWIFT_OPTIMIZATION_LEVEL = "-Onone";
			};
			name = Debug;
		};
		962F6EAA2A19ED8B00D9AA75 /* Release */ = {
			isa = XCBuildConfiguration;
			buildSettings = {
				ALWAYS_SEARCH_USER_PATHS = NO;
				CLANG_ANALYZER_NONNULL = YES;
				CLANG_ANALYZER_NUMBER_OBJECT_CONVERSION = YES_AGGRESSIVE;
				CLANG_CXX_LANGUAGE_STANDARD = "gnu++20";
				CLANG_ENABLE_MODULES = YES;
				CLANG_ENABLE_OBJC_ARC = YES;
				CLANG_ENABLE_OBJC_WEAK = YES;
				CLANG_WARN_BLOCK_CAPTURE_AUTORELEASING = YES;
				CLANG_WARN_BOOL_CONVERSION = YES;
				CLANG_WARN_COMMA = YES;
				CLANG_WARN_CONSTANT_CONVERSION = YES;
				CLANG_WARN_DEPRECATED_OBJC_IMPLEMENTATIONS = YES;
				CLANG_WARN_DIRECT_OBJC_ISA_USAGE = YES_ERROR;
				CLANG_WARN_DOCUMENTATION_COMMENTS = YES;
				CLANG_WARN_EMPTY_BODY = YES;
				CLANG_WARN_ENUM_CONVERSION = YES;
				CLANG_WARN_INFINITE_RECURSION = YES;
				CLANG_WARN_INT_CONVERSION = YES;
				CLANG_WARN_NON_LITERAL_NULL_CONVERSION = YES;
				CLANG_WARN_OBJC_IMPLICIT_RETAIN_SELF = YES;
				CLANG_WARN_OBJC_LITERAL_CONVERSION = YES;
				CLANG_WARN_OBJC_ROOT_CLASS = YES_ERROR;
				CLANG_WARN_QUOTED_INCLUDE_IN_FRAMEWORK_HEADER = YES;
				CLANG_WARN_RANGE_LOOP_ANALYSIS = YES;
				CLANG_WARN_STRICT_PROTOTYPES = YES;
				CLANG_WARN_SUSPICIOUS_MOVE = YES;
				CLANG_WARN_UNGUARDED_AVAILABILITY = YES_AGGRESSIVE;
				CLANG_WARN_UNREACHABLE_CODE = YES;
				CLANG_WARN__DUPLICATE_METHOD_MATCH = YES;
				COPY_PHASE_STRIP = NO;
				DEBUG_INFORMATION_FORMAT = "dwarf-with-dsym";
				ENABLE_NS_ASSERTIONS = NO;
				ENABLE_STRICT_OBJC_MSGSEND = YES;
				GCC_C_LANGUAGE_STANDARD = gnu11;
				GCC_NO_COMMON_BLOCKS = YES;
				GCC_WARN_64_TO_32_BIT_CONVERSION = YES;
				GCC_WARN_ABOUT_RETURN_TYPE = YES_ERROR;
				GCC_WARN_UNDECLARED_SELECTOR = YES;
				GCC_WARN_UNINITIALIZED_AUTOS = YES_AGGRESSIVE;
				GCC_WARN_UNUSED_FUNCTION = YES;
				GCC_WARN_UNUSED_VARIABLE = YES;
				IPHONEOS_DEPLOYMENT_TARGET = 16.2;
				MTL_ENABLE_DEBUG_INFO = NO;
				MTL_FAST_MATH = YES;
				SDKROOT = iphoneos;
				SWIFT_COMPILATION_MODE = wholemodule;
				SWIFT_OPTIMIZATION_LEVEL = "-O";
				VALIDATE_PRODUCT = YES;
			};
			name = Release;
		};
		962F6EAC2A19ED8B00D9AA75 /* Debug */ = {
			isa = XCBuildConfiguration;
			buildSettings = {
				ASSETCATALOG_COMPILER_APPICON_NAME = AppIcon;
				ASSETCATALOG_COMPILER_GLOBAL_ACCENT_COLOR_NAME = AccentColor;
				CODE_SIGN_STYLE = Automatic;
				CURRENT_PROJECT_VERSION = 1;
				DEVELOPMENT_ASSET_PATHS = "\"ImageRecognition01/Preview Content\"";
				DEVELOPMENT_TEAM = FWYVY227K8;
				ENABLE_PREVIEWS = YES;
				GENERATE_INFOPLIST_FILE = YES;
				INFOPLIST_KEY_NSCameraUsageDescription = "";
				INFOPLIST_KEY_NSPhotoLibraryUsageDescription = "";
				INFOPLIST_KEY_UIApplicationSceneManifest_Generation = YES;
				INFOPLIST_KEY_UIApplicationSupportsIndirectInputEvents = YES;
				INFOPLIST_KEY_UILaunchScreen_Generation = YES;
				INFOPLIST_KEY_UISupportedInterfaceOrientations_iPad = "UIInterfaceOrientationPortrait UIInterfaceOrientationPortraitUpsideDown UIInterfaceOrientationLandscapeLeft UIInterfaceOrientationLandscapeRight";
				INFOPLIST_KEY_UISupportedInterfaceOrientations_iPhone = "UIInterfaceOrientationPortrait UIInterfaceOrientationLandscapeLeft UIInterfaceOrientationLandscapeRight";
				LD_RUNPATH_SEARCH_PATHS = (
					"$(inherited)",
					"@executable_path/Frameworks",
				);
				MARKETING_VERSION = 1.0;
				PRODUCT_BUNDLE_IDENTIFIER = com.jason.ImageRecognition01;
				PRODUCT_NAME = "$(TARGET_NAME)";
				SWIFT_EMIT_LOC_STRINGS = YES;
				SWIFT_VERSION = 5.0;
				TARGETED_DEVICE_FAMILY = "1,2";
			};
			name = Debug;
		};
		962F6EAD2A19ED8B00D9AA75 /* Release */ = {
			isa = XCBuildConfiguration;
			buildSettings = {
				ASSETCATALOG_COMPILER_APPICON_NAME = AppIcon;
				ASSETCATALOG_COMPILER_GLOBAL_ACCENT_COLOR_NAME = AccentColor;
				CODE_SIGN_STYLE = Automatic;
				CURRENT_PROJECT_VERSION = 1;
				DEVELOPMENT_ASSET_PATHS = "\"ImageRecognition01/Preview Content\"";
				DEVELOPMENT_TEAM = FWYVY227K8;
				ENABLE_PREVIEWS = YES;
				GENERATE_INFOPLIST_FILE = YES;
				INFOPLIST_KEY_NSCameraUsageDescription = "";
				INFOPLIST_KEY_NSPhotoLibraryUsageDescription = "";
				INFOPLIST_KEY_UIApplicationSceneManifest_Generation = YES;
				INFOPLIST_KEY_UIApplicationSupportsIndirectInputEvents = YES;
				INFOPLIST_KEY_UILaunchScreen_Generation = YES;
				INFOPLIST_KEY_UISupportedInterfaceOrientations_iPad = "UIInterfaceOrientationPortrait UIInterfaceOrientationPortraitUpsideDown UIInterfaceOrientationLandscapeLeft UIInterfaceOrientationLandscapeRight";
				INFOPLIST_KEY_UISupportedInterfaceOrientations_iPhone = "UIInterfaceOrientationPortrait UIInterfaceOrientationLandscapeLeft UIInterfaceOrientationLandscapeRight";
				LD_RUNPATH_SEARCH_PATHS = (
					"$(inherited)",
					"@executable_path/Frameworks",
				);
				MARKETING_VERSION = 1.0;
				PRODUCT_BUNDLE_IDENTIFIER = com.jason.ImageRecognition01;
				PRODUCT_NAME = "$(TARGET_NAME)";
				SWIFT_EMIT_LOC_STRINGS = YES;
				SWIFT_VERSION = 5.0;
				TARGETED_DEVICE_FAMILY = "1,2";
			};
			name = Release;
		};
		962F6EAF2A19ED8B00D9AA75 /* Debug */ = {
			isa = XCBuildConfiguration;
			buildSettings = {
				ALWAYS_EMBED_SWIFT_STANDARD_LIBRARIES = YES;
				BUNDLE_LOADER = "$(TEST_HOST)";
				CODE_SIGN_STYLE = Automatic;
				CURRENT_PROJECT_VERSION = 1;
				GENERATE_INFOPLIST_FILE = YES;
				IPHONEOS_DEPLOYMENT_TARGET = 16.2;
				MARKETING_VERSION = 1.0;
				PRODUCT_BUNDLE_IDENTIFIER = com.jason.ImageRecognition01Tests;
				PRODUCT_NAME = "$(TARGET_NAME)";
				SWIFT_EMIT_LOC_STRINGS = NO;
				SWIFT_VERSION = 5.0;
				TARGETED_DEVICE_FAMILY = "1,2";
				TEST_HOST = "$(BUILT_PRODUCTS_DIR)/ImageRecognition01.app/$(BUNDLE_EXECUTABLE_FOLDER_PATH)/ImageRecognition01";
			};
			name = Debug;
		};
		962F6EB02A19ED8B00D9AA75 /* Release */ = {
			isa = XCBuildConfiguration;
			buildSettings = {
				ALWAYS_EMBED_SWIFT_STANDARD_LIBRARIES = YES;
				BUNDLE_LOADER = "$(TEST_HOST)";
				CODE_SIGN_STYLE = Automatic;
				CURRENT_PROJECT_VERSION = 1;
				GENERATE_INFOPLIST_FILE = YES;
				IPHONEOS_DEPLOYMENT_TARGET = 16.2;
				MARKETING_VERSION = 1.0;
				PRODUCT_BUNDLE_IDENTIFIER = com.jason.ImageRecognition01Tests;
				PRODUCT_NAME = "$(TARGET_NAME)";
				SWIFT_EMIT_LOC_STRINGS = NO;
				SWIFT_VERSION = 5.0;
				TARGETED_DEVICE_FAMILY = "1,2";
				TEST_HOST = "$(BUILT_PRODUCTS_DIR)/ImageRecognition01.app/$(BUNDLE_EXECUTABLE_FOLDER_PATH)/ImageRecognition01";
			};
			name = Release;
		};
		962F6EB22A19ED8B00D9AA75 /* Debug */ = {
			isa = XCBuildConfiguration;
			buildSettings = {
				ALWAYS_EMBED_SWIFT_STANDARD_LIBRARIES = YES;
				CODE_SIGN_STYLE = Automatic;
				CURRENT_PROJECT_VERSION = 1;
				GENERATE_INFOPLIST_FILE = YES;
				MARKETING_VERSION = 1.0;
				PRODUCT_BUNDLE_IDENTIFIER = com.jason.ImageRecognition01UITests;
				PRODUCT_NAME = "$(TARGET_NAME)";
				SWIFT_EMIT_LOC_STRINGS = NO;
				SWIFT_VERSION = 5.0;
				TARGETED_DEVICE_FAMILY = "1,2";
				TEST_TARGET_NAME = ImageRecognition01;
			};
			name = Debug;
		};
		962F6EB32A19ED8B00D9AA75 /* Release */ = {
			isa = XCBuildConfiguration;
			buildSettings = {
				ALWAYS_EMBED_SWIFT_STANDARD_LIBRARIES = YES;
				CODE_SIGN_STYLE = Automatic;
				CURRENT_PROJECT_VERSION = 1;
				GENERATE_INFOPLIST_FILE = YES;
				MARKETING_VERSION = 1.0;
				PRODUCT_BUNDLE_IDENTIFIER = com.jason.ImageRecognition01UITests;
				PRODUCT_NAME = "$(TARGET_NAME)";
				SWIFT_EMIT_LOC_STRINGS = NO;
				SWIFT_VERSION = 5.0;
				TARGETED_DEVICE_FAMILY = "1,2";
				TEST_TARGET_NAME = ImageRecognition01;
			};
			name = Release;
		};
/* End XCBuildConfiguration section */

/* Begin XCConfigurationList section */
		962F6E822A19ED8A00D9AA75 /* Build configuration list for PBXProject "ImageRecognition01" */ = {
			isa = XCConfigurationList;
			buildConfigurations = (
				962F6EA92A19ED8B00D9AA75 /* Debug */,
				962F6EAA2A19ED8B00D9AA75 /* Release */,
			);
			defaultConfigurationIsVisible = 0;
			defaultConfigurationName = Release;
		};
		962F6EAB2A19ED8B00D9AA75 /* Build configuration list for PBXNativeTarget "ImageRecognition01" */ = {
			isa = XCConfigurationList;
			buildConfigurations = (
				962F6EAC2A19ED8B00D9AA75 /* Debug */,
				962F6EAD2A19ED8B00D9AA75 /* Release */,
			);
			defaultConfigurationIsVisible = 0;
			defaultConfigurationName = Release;
		};
		962F6EAE2A19ED8B00D9AA75 /* Build configuration list for PBXNativeTarget "ImageRecognition01Tests" */ = {
			isa = XCConfigurationList;
			buildConfigurations = (
				962F6EAF2A19ED8B00D9AA75 /* Debug */,
				962F6EB02A19ED8B00D9AA75 /* Release */,
			);
			defaultConfigurationIsVisible = 0;
			defaultConfigurationName = Release;
		};
		962F6EB12A19ED8B00D9AA75 /* Build configuration list for PBXNativeTarget "ImageRecognition01UITests" */ = {
			isa = XCConfigurationList;
			buildConfigurations = (
				962F6EB22A19ED8B00D9AA75 /* Debug */,
				962F6EB32A19ED8B00D9AA75 /* Release */,
			);
			defaultConfigurationIsVisible = 0;
			defaultConfigurationName = Release;
		};
/* End XCConfigurationList section */
	};
	rootObject = 962F6E7F2A19ED8A00D9AA75 /* Project object */;
}
